# This file was autogenerated by Stack.
# You should not edit this file by hand.
# For more information, please see the documentation at:
#   https://docs.haskellstack.org/en/stable/lock_files

packages: []
snapshots:
- completed:
    sha256: 2ba236c7a2148b31b343f0731e3be8296997ee9844a9a41750a58cf7a48d31a3
    size: 659080
    url: https://raw.githubusercontent.com/commercialhaskell/stackage-snapshots/master/nightly/2023/8/27.yaml
  original: nightly-2023-08-27
